
Microsoft Visual Studio Solution File, Format Version 12.00
# Visual Studio Version 17
VisualStudioVersion = 17.6.33829.357
MinimumVisualStudioVersion = 10.0.40219.1
Project("{FAE04EC0-301F-11D3-BF4B-00C04F79EFBC}") = "BoxingUnboxing", "BoxingUnboxing.csproj", "{6569206B-C62A-49CC-B94B-8497B01A805E}"
EndProject
Global
	GlobalSection(SolutionConfigurationPlatforms) = preSolution
		Debug|Any CPU = Debug|Any CPU
		Release|Any CPU = Release|Any CPU
	EndGlobalSection
	GlobalSection(ProjectConfigurationPlatforms) = postSolution
		{6569206B-C62A-49CC-B94B-8497B01A805E}.Debug|Any CPU.ActiveCfg = Debug|Any CPU
		{6569206B-C62A-49CC-B94B-8497B01A805E}.Debug|Any CPU.Build.0 = Debug|Any CPU
		{6569206B-C62A-49CC-B94B-8497B01A805E}.Release|Any CPU.ActiveCfg = Release|Any CPU
		{6569206B-C62A-49CC-B94B-8497B01A805E}.Release|Any CPU.Build.0 = Release|Any CPU
	EndGlobalSection
	GlobalSection(SolutionProperties) = preSolution
		HideSolutionNode = FALSE
	EndGlobalSection
	GlobalSection(ExtensibilityGlobals) = postSolution
		SolutionGuid = {72405B4B-AE54-4015-AE3F-2ED55A033DEC}
	EndGlobalSection
EndGlobal
